
Microsoft Visual Studio Solution File, Format Version 12.00
# Visual Studio Version 17
VisualStudioVersion = 17.6.33829.357
MinimumVisualStudioVersion = 10.0.40219.1
Project("{FAE04EC0-301F-11D3-BF4B-00C04F79EFBC}") = "XML-Web-API", "XML-Web-API.csproj", "{F7A991B6-0E2A-4056-8183-730A0FE05EC0}"
EndProject
Global
	GlobalSection(SolutionConfigurationPlatforms) = preSolution
		Debug|Any CPU = Debug|Any CPU
		Release|Any CPU = Release|Any CPU
	EndGlobalSection
	GlobalSection(ProjectConfigurationPlatforms) = postSolution
		{F7A991B6-0E2A-4056-8183-730A0FE05EC0}.Debug|Any CPU.ActiveCfg = Debug|Any CPU
		{F7A991B6-0E2A-4056-8183-730A0FE05EC0}.Debug|Any CPU.Build.0 = Debug|Any CPU
		{F7A991B6-0E2A-4056-8183-730A0FE05EC0}.Release|Any CPU.ActiveCfg = Release|Any CPU
		{F7A991B6-0E2A-4056-8183-730A0FE05EC0}.Release|Any CPU.Build.0 = Release|Any CPU
	EndGlobalSection
	GlobalSection(SolutionProperties) = preSolution
		HideSolutionNode = FALSE
	EndGlobalSection
	GlobalSection(ExtensibilityGlobals) = postSolution
		SolutionGuid = {A56F3066-3AE1-4ADC-8BBF-0A52B5C3FEAB}
	EndGlobalSection
EndGlobal
